
Microsoft Visual Studio Solution File, Format Version 12.00
# Visual Studio Version 17
VisualStudioVersion = 17.10.35013.160
MinimumVisualStudioVersion = 10.0.40219.1
Project("{FAE04EC0-301F-11D3-BF4B-00C04F79EFBC}") = "Virtual Wallet", "Virtual Wallet\Virtual Wallet.csproj", "{BF78ABAA-48A1-47BC-9684-82CE281B5CE5}"
EndProject
Global
	GlobalSection(SolutionConfigurationPlatforms) = preSolution
		Debug|Any CPU = Debug|Any CPU
		Release|Any CPU = Release|Any CPU
	EndGlobalSection
	GlobalSection(ProjectConfigurationPlatforms) = postSolution
		{BF78ABAA-48A1-47BC-9684-82CE281B5CE5}.Debug|Any CPU.ActiveCfg = Debug|Any CPU
		{BF78ABAA-48A1-47BC-9684-82CE281B5CE5}.Debug|Any CPU.Build.0 = Debug|Any CPU
		{BF78ABAA-48A1-47BC-9684-82CE281B5CE5}.Release|Any CPU.ActiveCfg = Release|Any CPU
		{BF78ABAA-48A1-47BC-9684-82CE281B5CE5}.Release|Any CPU.Build.0 = Release|Any CPU
	EndGlobalSection
	GlobalSection(SolutionProperties) = preSolution
		HideSolutionNode = FALSE
	EndGlobalSection
	GlobalSection(ExtensibilityGlobals) = postSolution
		SolutionGuid = {940151EB-AE76-454A-9302-ECFAD5F8EC96}
	EndGlobalSection
EndGlobal
